
Microsoft Visual Studio Solution File, Format Version 12.00
# Visual Studio 15
VisualStudioVersion = 15.0.28307.136
MinimumVisualStudioVersion = 10.0.40219.1
Project("{FAE04EC0-301F-11D3-BF4B-00C04F79EFBC}") = "BinaryBeasts", "BinaryBeasts\BinaryBeasts.csproj", "{020EEA98-5A39-434D-A651-E4A61ECED920}"
EndProject
Project("{FAE04EC0-301F-11D3-BF4B-00C04F79EFBC}") = "BinaryBeasts.API", "BinaryBeasts.API\BinaryBeasts.API.csproj", "{3ADF0DC6-A527-409D-84F3-38E8E0C72C1E}"
EndProject
Project("{00D1A9C2-B5F0-4AF3-8072-F6C62B433612}") = "BinaryBeasts.Database", "BinaryBeasts.Database\BinaryBeasts.Database.sqlproj", "{8EF11281-BAAF-495D-BD1D-2C3140A8B560}"
EndProject
Global
	GlobalSection(SolutionConfigurationPlatforms) = preSolution
		Debug|Any CPU = Debug|Any CPU
		Release|Any CPU = Release|Any CPU
	EndGlobalSection
	GlobalSection(ProjectConfigurationPlatforms) = postSolution
		{020EEA98-5A39-434D-A651-E4A61ECED920}.Debug|Any CPU.ActiveCfg = Debug|Any CPU
		{020EEA98-5A39-434D-A651-E4A61ECED920}.Debug|Any CPU.Build.0 = Debug|Any CPU
		{020EEA98-5A39-434D-A651-E4A61ECED920}.Release|Any CPU.ActiveCfg = Release|Any CPU
		{020EEA98-5A39-434D-A651-E4A61ECED920}.Release|Any CPU.Build.0 = Release|Any CPU
		{3ADF0DC6-A527-409D-84F3-38E8E0C72C1E}.Debug|Any CPU.ActiveCfg = Debug|Any CPU
		{3ADF0DC6-A527-409D-84F3-38E8E0C72C1E}.Debug|Any CPU.Build.0 = Debug|Any CPU
		{3ADF0DC6-A527-409D-84F3-38E8E0C72C1E}.Release|Any CPU.ActiveCfg = Release|Any CPU
		{3ADF0DC6-A527-409D-84F3-38E8E0C72C1E}.Release|Any CPU.Build.0 = Release|Any CPU
		{8EF11281-BAAF-495D-BD1D-2C3140A8B560}.Debug|Any CPU.ActiveCfg = Debug|Any CPU
		{8EF11281-BAAF-495D-BD1D-2C3140A8B560}.Debug|Any CPU.Build.0 = Debug|Any CPU
		{8EF11281-BAAF-495D-BD1D-2C3140A8B560}.Debug|Any CPU.Deploy.0 = Debug|Any CPU
		{8EF11281-BAAF-495D-BD1D-2C3140A8B560}.Release|Any CPU.ActiveCfg = Release|Any CPU
		{8EF11281-BAAF-495D-BD1D-2C3140A8B560}.Release|Any CPU.Build.0 = Release|Any CPU
		{8EF11281-BAAF-495D-BD1D-2C3140A8B560}.Release|Any CPU.Deploy.0 = Release|Any CPU
	EndGlobalSection
	GlobalSection(SolutionProperties) = preSolution
		HideSolutionNode = FALSE
	EndGlobalSection
	GlobalSection(ExtensibilityGlobals) = postSolution
		SolutionGuid = {71EE7FAD-66C1-48D3-AFCF-9F25046D9017}
	EndGlobalSection
EndGlobal
